// !$*UTF8*$!
{
	archiveVersion = 1;
	classes = {
	};
	objectVersion = 46;
	objects = {

/* Begin PBXBuildFile section */
		84CE0EB91DA6A62B00520751 /* AppDelegate.swift in Sources */ = {isa = PBXBuildFile; fileRef = 84CE0EB81DA6A62B00520751 /* AppDelegate.swift */; };
		84CE0EBB1DA6A62B00520751 /* ViewController.swift in Sources */ = {isa = PBXBuildFile; fileRef = 84CE0EBA1DA6A62B00520751 /* ViewController.swift */; };
		84CE0EBE1DA6A62B00520751 /* Main.storyboard in Resources */ = {isa = PBXBuildFile; fileRef = 84CE0EBC1DA6A62B00520751 /* Main.storyboard */; };
		84CE0EC01DA6A62B00520751 /* Assets.xcassets in Resources */ = {isa = PBXBuildFile; fileRef = 84CE0EBF1DA6A62B00520751 /* Assets.xcassets */; };
		84CE0EC31DA6A62B00520751 /* LaunchScreen.storyboard in Resources */ = {isa = PBXBuildFile; fileRef = 84CE0EC11DA6A62B00520751 /* LaunchScreen.storyboard */; };
		84CE0ECE1DA6A62B00520751 /* francesco_helloworldTests.swift in Sources */ = {isa = PBXBuildFile; fileRef = 84CE0ECD1DA6A62B00520751 /* francesco_helloworldTests.swift */; };
		84CE0ED91DA6A62B00520751 /* francesco_helloworldUITests.swift in Sources */ = {isa = PBXBuildFile; fileRef = 84CE0ED81DA6A62B00520751 /* francesco_helloworldUITests.swift */; };
/* End PBXBuildFile section */

/* Begin PBXContainerItemProxy section */
		84CE0ECA1DA6A62B00520751 /* PBXContainerItemProxy */ = {
			isa = PBXContainerItemProxy;
			containerPortal = 84CE0EAD1DA6A62B00520751 /* Project object */;
			proxyType = 1;
			remoteGlobalIDString = 84CE0EB41DA6A62B00520751;
			remoteInfo = francesco_helloworld;
		};
		84CE0ED51DA6A62B00520751 /* PBXContainerItemProxy */ = {
			isa = PBXContainerItemProxy;
			containerPortal = 84CE0EAD1DA6A62B00520751 /* Project object */;
			proxyType = 1;
			remoteGlobalIDString = 84CE0EB41DA6A62B00520751;
			remoteInfo = francesco_helloworld;
		};
/* End PBXContainerItemProxy section */

/* Begin PBXFileReference section */
		84CE0EB51DA6A62B00520751 /* francesco_helloworld.app */ = {isa = PBXFileReference; explicitFileType = wrapper.application; includeInIndex = 0; path = francesco_helloworld.app; sourceTree = BUILT_PRODUCTS_DIR; };
		84CE0EB81DA6A62B00520751 /* AppDelegate.swift */ = {isa = PBXFileReference; lastKnownFileType = sourcecode.swift; path = AppDelegate.swift; sourceTree = "<group>"; };
		84CE0EBA1DA6A62B00520751 /* ViewController.swift */ = {isa = PBXFileReference; lastKnownFileType = sourcecode.swift; path = ViewController.swift; sourceTree = "<group>"; };
		84CE0EBD1DA6A62B00520751 /* Base */ = {isa = PBXFileReference; lastKnownFileType = file.storyboard; name = Base; path = Base.lproj/Main.storyboard; sourceTree = "<group>"; };
		84CE0EBF1DA6A62B00520751 /* Assets.xcassets */ = {isa = PBXFileReference; lastKnownFileType = folder.assetcatalog; path = Assets.xcassets; sourceTree = "<group>"; };
		84CE0EC21DA6A62B00520751 /* Base */ = {isa = PBXFileReference; lastKnownFileType = file.storyboard; name = Base; path = Base.lproj/LaunchScreen.storyboard; sourceTree = "<group>"; };
		84CE0EC41DA6A62B00520751 /* Info.plist */ = {isa = PBXFileReference; lastKnownFileType = text.plist.xml; path = Info.plist; sourceTree = "<group>"; };
		84CE0EC91DA6A62B00520751 /* francesco_helloworldTests.xctest */ = {isa = PBXFileReference; explicitFileType = wrapper.cfbundle; includeInIndex = 0; path = francesco_helloworldTests.xctest; sourceTree = BUILT_PRODUCTS_DIR; };
		84CE0ECD1DA6A62B00520751 /* francesco_helloworldTests.swift */ = {isa = PBXFileReference; lastKnownFileType = sourcecode.swift; path = francesco_helloworldTests.swift; sourceTree = "<group>"; };
		84CE0ECF1DA6A62B00520751 /* Info.plist */ = {isa = PBXFileReference; lastKnownFileType = text.plist.xml; path = Info.plist; sourceTree = "<group>"; };
		84CE0ED41DA6A62B00520751 /* francesco_helloworldUITests.xctest */ = {isa = PBXFileReference; explicitFileType = wrapper.cfbundle; includeInIndex = 0; path = francesco_helloworldUITests.xctest; sourceTree = BUILT_PRODUCTS_DIR; };
		84CE0ED81DA6A62B00520751 /* francesco_helloworldUITests.swift */ = {isa = PBXFileReference; lastKnownFileType = sourcecode.swift; path = francesco_helloworldUITests.swift; sourceTree = "<group>"; };
		84CE0EDA1DA6A62B00520751 /* Info.plist */ = {isa = PBXFileReference; lastKnownFileType = text.plist.xml; path = Info.plist; sourceTree = "<group>"; };
/* End PBXFileReference section */

/* Begin PBXFrameworksBuildPhase section */
		84CE0EB21DA6A62B00520751 /* Frameworks */ = {
			isa = PBXFrameworksBuildPhase;
			buildActionMask = 2147483647;
			files = (
			);
			runOnlyForDeploymentPostprocessing = 0;
		};
		84CE0EC61DA6A62B00520751 /* Frameworks */ = {
			isa = PBXFrameworksBuildPhase;
			buildActionMask = 2147483647;
			files = (
			);
			runOnlyForDeploymentPostprocessing = 0;
		};
		84CE0ED11DA6A62B00520751 /* Frameworks */ = {
			isa = PBXFrameworksBuildPhase;
			buildActionMask = 2147483647;
			files = (
			);
			runOnlyForDeploymentPostprocessing = 0;
		};
/* End PBXFrameworksBuildPhase section */

/* Begin PBXGroup section */
		84CE0EAC1DA6A62B00520751 = {
			isa = PBXGroup;
			children = (
				84CE0EB71DA6A62B00520751 /* francesco_helloworld */,
				84CE0ECC1DA6A62B00520751 /* francesco_helloworldTests */,
				84CE0ED71DA6A62B00520751 /* francesco_helloworldUITests */,
				84CE0EB61DA6A62B00520751 /* Products */,
			);
			sourceTree = "<group>";
		};
		84CE0EB61DA6A62B00520751 /* Products */ = {
			isa = PBXGroup;
			children = (
				84CE0EB51DA6A62B00520751 /* francesco_helloworld.app */,
				84CE0EC91DA6A62B00520751 /* francesco_helloworldTests.xctest */,
				84CE0ED41DA6A62B00520751 /* francesco_helloworldUITests.xctest */,
			);
			name = Products;
			sourceTree = "<group>";
		};
		84CE0EB71DA6A62B00520751 /* francesco_helloworld */ = {
			isa = PBXGroup;
			children = (
				84CE0EB81DA6A62B00520751 /* AppDelegate.swift */,
				84CE0EBA1DA6A62B00520751 /* ViewController.swift */,
				84CE0EBC1DA6A62B00520751 /* Main.storyboard */,
				84CE0EBF1DA6A62B00520751 /* Assets.xcassets */,
				84CE0EC11DA6A62B00520751 /* LaunchScreen.storyboard */,
				84CE0EC41DA6A62B00520751 /* Info.plist */,
			);
			path = francesco_helloworld;
			sourceTree = "<group>";
		};
		84CE0ECC1DA6A62B00520751 /* francesco_helloworldTests */ = {
			isa = PBXGroup;
			children = (
				84CE0ECD1DA6A62B00520751 /* francesco_helloworldTests.swift */,
				84CE0ECF1DA6A62B00520751 /* Info.plist */,
			);
			path = francesco_helloworldTests;
			sourceTree = "<group>";
		};
		84CE0ED71DA6A62B00520751 /* francesco_helloworldUITests */ = {
			isa = PBXGroup;
			children = (
				84CE0ED81DA6A62B00520751 /* francesco_helloworldUITests.swift */,
				84CE0EDA1DA6A62B00520751 /* Info.plist */,
			);
			path = francesco_helloworldUITests;
			sourceTree = "<group>";
		};
/* End PBXGroup section */

/* Begin PBXNativeTarget section */
		84CE0EB41DA6A62B00520751 /* francesco_helloworld */ = {
			isa = PBXNativeTarget;
			buildConfigurationList = 84CE0EDD1DA6A62B00520751 /* Build configuration list for PBXNativeTarget "francesco_helloworld" */;
			buildPhases = (
				84CE0EB11DA6A62B00520751 /* Sources */,
				84CE0EB21DA6A62B00520751 /* Frameworks */,
				84CE0EB31DA6A62B00520751 /* Resources */,
			);
			buildRules = (
			);
			dependencies = (
			);
			name = francesco_helloworld;
			productName = francesco_helloworld;
			productReference = 84CE0EB51DA6A62B00520751 /* francesco_helloworld.app */;
			productType = "com.apple.product-type.application";
		};
		84CE0EC81DA6A62B00520751 /* francesco_helloworldTests */ = {
			isa = PBXNativeTarget;
			buildConfigurationList = 84CE0EE01DA6A62B00520751 /* Build configuration list for PBXNativeTarget "francesco_helloworldTests" */;
			buildPhases = (
				84CE0EC51DA6A62B00520751 /* Sources */,
				84CE0EC61DA6A62B00520751 /* Frameworks */,
				84CE0EC71DA6A62B00520751 /* Resources */,
			);
			buildRules = (
			);
			dependencies = (
				84CE0ECB1DA6A62B00520751 /* PBXTargetDependency */,
			);
			name = francesco_helloworldTests;
			productName = francesco_helloworldTests;
			productReference = 84CE0EC91DA6A62B00520751 /* francesco_helloworldTests.xctest */;
			productType = "com.apple.product-type.bundle.unit-test";
		};
		84CE0ED31DA6A62B00520751 /* francesco_helloworldUITests */ = {
			isa = PBXNativeTarget;
			buildConfigurationList = 84CE0EE31DA6A62B00520751 /* Build configuration list for PBXNativeTarget "francesco_helloworldUITests" */;
			buildPhases = (
				84CE0ED01DA6A62B00520751 /* Sources */,
				84CE0ED11DA6A62B00520751 /* Frameworks */,
				84CE0ED21DA6A62B00520751 /* Resources */,
			);
			buildRules = (
			);
			dependencies = (
				84CE0ED61DA6A62B00520751 /* PBXTargetDependency */,
			);
			name = francesco_helloworldUITests;
			productName = francesco_helloworldUITests;
			productReference = 84CE0ED41DA6A62B00520751 /* francesco_helloworldUITests.xctest */;
			productType = "com.apple.product-type.bundle.ui-testing";
		};
/* End PBXNativeTarget section */

/* Begin PBXProject section */
		84CE0EAD1DA6A62B00520751 /* Project object */ = {
			isa = PBXProject;
			attributes = {
				LastSwiftUpdateCheck = 0800;
				LastUpgradeCheck = 0800;
				ORGANIZATIONNAME = Admin;
				TargetAttributes = {
					84CE0EB41DA6A62B00520751 = {
						CreatedOnToolsVersion = 8.0;
						ProvisioningStyle = Automatic;
					};
					84CE0EC81DA6A62B00520751 = {
						CreatedOnToolsVersion = 8.0;
						ProvisioningStyle = Automatic;
						TestTargetID = 84CE0EB41DA6A62B00520751;
					};
					84CE0ED31DA6A62B00520751 = {
						CreatedOnToolsVersion = 8.0;
						ProvisioningStyle = Automatic;
						TestTargetID = 84CE0EB41DA6A62B00520751;
					};
				};
			};
			buildConfigurationList = 84CE0EB01DA6A62B00520751 /* Build configuration list for PBXProject "francesco_helloworld" */;
			compatibilityVersion = "Xcode 3.2";
			developmentRegion = English;
			hasScannedForEncodings = 0;
			knownRegions = (
				en,
				Base,
			);
			mainGroup = 84CE0EAC1DA6A62B00520751;
			productRefGroup = 84CE0EB61DA6A62B00520751 /* Products */;
			projectDirPath = "";
			projectRoot = "";
			targets = (
				84CE0EB41DA6A62B00520751 /* francesco_helloworld */,
				84CE0EC81DA6A62B00520751 /* francesco_helloworldTests */,
				84CE0ED31DA6A62B00520751 /* francesco_helloworldUITests */,
			);
		};
/* End PBXProject section */

/* Begin PBXResourcesBuildPhase section */
		84CE0EB31DA6A62B00520751 /* Resources */ = {
			isa = PBXResourcesBuildPhase;
			buildActionMask = 2147483647;
			files = (
				84CE0EC31DA6A62B00520751 /* LaunchScreen.storyboard in Resources */,
				84CE0EC01DA6A62B00520751 /* Assets.xcassets in Resources */,
				84CE0EBE1DA6A62B00520751 /* Main.storyboard in Resources */,
			);
			runOnlyForDeploymentPostprocessing = 0;
		};
		84CE0EC71DA6A62B00520751 /* Resources */ = {
			isa = PBXResourcesBuildPhase;
			buildActionMask = 2147483647;
			files = (
			);
			runOnlyForDeploymentPostprocessing = 0;
		};
		84CE0ED21DA6A62B00520751 /* Resources */ = {
			isa = PBXResourcesBuildPhase;
			buildActionMask = 2147483647;
			files = (
			);
			runOnlyForDeploymentPostprocessing = 0;
		};
/* End PBXResourcesBuildPhase section */

/* Begin PBXSourcesBuildPhase section */
		84CE0EB11DA6A62B00520751 /* Sources */ = {
			isa = PBXSourcesBuildPhase;
			buildActionMask = 2147483647;
			files = (
				84CE0EBB1DA6A62B00520751 /* ViewController.swift in Sources */,
				84CE0EB91DA6A62B00520751 /* AppDelegate.swift in Sources */,
			);
			runOnlyForDeploymentPostprocessing = 0;
		};
		84CE0EC51DA6A62B00520751 /* Sources */ = {
			isa = PBXSourcesBuildPhase;
			buildActionMask = 2147483647;
			files = (
				84CE0ECE1DA6A62B00520751 /* francesco_helloworldTests.swift in Sources */,
			);
			runOnlyForDeploymentPostprocessing = 0;
		};
		84CE0ED01DA6A62B00520751 /* Sources */ = {
			isa = PBXSourcesBuildPhase;
			buildActionMask = 2147483647;
			files = (
				84CE0ED91DA6A62B00520751 /* francesco_helloworldUITests.swift in Sources */,
			);
			runOnlyForDeploymentPostprocessing = 0;
		};
/* End PBXSourcesBuildPhase section */

/* Begin PBXTargetDependency section */
		84CE0ECB1DA6A62B00520751 /* PBXTargetDependency */ = {
			isa = PBXTargetDependency;
			target = 84CE0EB41DA6A62B00520751 /* francesco_helloworld */;
			targetProxy = 84CE0ECA1DA6A62B00520751 /* PBXContainerItemProxy */;
		};
		84CE0ED61DA6A62B00520751 /* PBXTargetDependency */ = {
			isa = PBXTargetDependency;
			target = 84CE0EB41DA6A62B00520751 /* francesco_helloworld */;
			targetProxy = 84CE0ED51DA6A62B00520751 /* PBXContainerItemProxy */;
		};
/* End PBXTargetDependency section */

/* Begin PBXVariantGroup section */
		84CE0EBC1DA6A62B00520751 /* Main.storyboard */ = {
			isa = PBXVariantGroup;
			children = (
				84CE0EBD1DA6A62B00520751 /* Base */,
			);
			name = Main.storyboard;
			sourceTree = "<group>";
		};
		84CE0EC11DA6A62B00520751 /* LaunchScreen.storyboard */ = {
			isa = PBXVariantGroup;
			children = (
				84CE0EC21DA6A62B00520751 /* Base */,
			);
			name = LaunchScreen.storyboard;
			sourceTree = "<group>";
		};
/* End PBXVariantGroup section */

/* Begin XCBuildConfiguration section */
		84CE0EDB1DA6A62B00520751 /* Debug */ = {
			isa = XCBuildConfiguration;
			buildSettings = {
				ALWAYS_SEARCH_USER_PATHS = NO;
				CLANG_ANALYZER_NONNULL = YES;
				CLANG_CXX_LANGUAGE_STANDARD = "gnu++0x";
				CLANG_CXX_LIBRARY = "libc++";
				CLANG_ENABLE_MODULES = YES;
				CLANG_ENABLE_OBJC_ARC = YES;
				CLANG_WARN_BOOL_CONVERSION = YES;
				CLANG_WARN_CONSTANT_CONVERSION = YES;
				CLANG_WARN_DIRECT_OBJC_ISA_USAGE = YES_ERROR;
				CLANG_WARN_DOCUMENTATION_COMMENTS = YES;
				CLANG_WARN_EMPTY_BODY = YES;
				CLANG_WARN_ENUM_CONVERSION = YES;
				CLANG_WARN_INFINITE_RECURSION = YES;
				CLANG_WARN_INT_CONVERSION = YES;
				CLANG_WARN_OBJC_ROOT_CLASS = YES_ERROR;
				CLANG_WARN_SUSPICIOUS_MOVES = YES;
				CLANG_WARN_UNREACHABLE_CODE = YES;
				CLANG_WARN__DUPLICATE_METHOD_MATCH = YES;
				"CODE_SIGN_IDENTITY[sdk=iphoneos*]" = "iPhone Developer";
				COPY_PHASE_STRIP = NO;
				DEBUG_INFORMATION_FORMAT = dwarf;
				ENABLE_STRICT_OBJC_MSGSEND = YES;
				ENABLE_TESTABILITY = YES;
				GCC_C_LANGUAGE_STANDARD = gnu99;
				GCC_DYNAMIC_NO_PIC = NO;
				GCC_NO_COMMON_BLOCKS = YES;
				GCC_OPTIMIZATION_LEVEL = 0;
				GCC_PREPROCESSOR_DEFINITIONS = (
					"DEBUG=1",
					"$(inherited)",
				);
				GCC_WARN_64_TO_32_BIT_CONVERSION = YES;
				GCC_WARN_ABOUT_RETURN_TYPE = YES_ERROR;
				GCC_WARN_UNDECLARED_SELECTOR = YES;
				GCC_WARN_UNINITIALIZED_AUTOS = YES_AGGRESSIVE;
				GCC_WARN_UNUSED_FUNCTION = YES;
				GCC_WARN_UNUSED_VARIABLE = YES;
				IPHONEOS_DEPLOYMENT_TARGET = 10.0;
				MTL_ENABLE_DEBUG_INFO = YES;
				ONLY_ACTIVE_ARCH = YES;
				SDKROOT = iphoneos;
				SWIFT_ACTIVE_COMPILATION_CONDITIONS = DEBUG;
				SWIFT_OPTIMIZATION_LEVEL = "-Onone";
				TARGETED_DEVICE_FAMILY = "1,2";
			};
			name = Debug;
		};
		84CE0EDC1DA6A62B00520751 /* Release */ = {
			isa = XCBuildConfiguration;
			buildSettings = {
				ALWAYS_SEARCH_USER_PATHS = NO;
				CLANG_ANALYZER_NONNULL = YES;
				CLANG_CXX_LANGUAGE_STANDARD = "gnu++0x";
				CLANG_CXX_LIBRARY = "libc++";
				CLANG_ENABLE_MODULES = YES;
				CLANG_ENABLE_OBJC_ARC = YES;
				CLANG_WARN_BOOL_CONVERSION = YES;
				CLANG_WARN_CONSTANT_CONVERSION = YES;
				CLANG_WARN_DIRECT_OBJC_ISA_USAGE = YES_ERROR;
				CLANG_WARN_DOCUMENTATION_COMMENTS = YES;
				CLANG_WARN_EMPTY_BODY = YES;
				CLANG_WARN_ENUM_CONVERSION = YES;
				CLANG_WARN_INFINITE_RECURSION = YES;
				CLANG_WARN_INT_CONVERSION = YES;
				CLANG_WARN_OBJC_ROOT_CLASS = YES_ERROR;
				CLANG_WARN_SUSPICIOUS_MOVES = YES;
				CLANG_WARN_UNREACHABLE_CODE = YES;
				CLANG_WARN__DUPLICATE_METHOD_MATCH = YES;
				"CODE_SIGN_IDENTITY[sdk=iphoneos*]" = "iPhone Developer";
				COPY_PHASE_STRIP = NO;
				DEBUG_INFORMATION_FORMAT = "dwarf-with-dsym";
				ENABLE_NS_ASSERTIONS = NO;
				ENABLE_STRICT_OBJC_MSGSEND = YES;
				GCC_C_LANGUAGE_STANDARD = gnu99;
				GCC_NO_COMMON_BLOCKS = YES;
				GCC_WARN_64_TO_32_BIT_CONVERSION = YES;
				GCC_WARN_ABOUT_RETURN_TYPE = YES_ERROR;
				GCC_WARN_UNDECLARED_SELECTOR = YES;
				GCC_WARN_UNINITIALIZED_AUTOS = YES_AGGRESSIVE;
				GCC_WARN_UNUSED_FUNCTION = YES;
				GCC_WARN_UNUSED_VARIABLE = YES;
				IPHONEOS_DEPLOYMENT_TARGET = 10.0;
				MTL_ENABLE_DEBUG_INFO = NO;
				SDKROOT = iphoneos;
				SWIFT_OPTIMIZATION_LEVEL = "-Owholemodule";
				TARGETED_DEVICE_FAMILY = "1,2";
				VALIDATE_PRODUCT = YES;
			};
			name = Release;
		};
		84CE0EDE1DA6A62B00520751 /* Debug */ = {
			isa = XCBuildConfiguration;
			buildSettings = {
				ASSETCATALOG_COMPILER_APPICON_NAME = AppIcon;
				INFOPLIST_FILE = francesco_helloworld/Info.plist;
				LD_RUNPATH_SEARCH_PATHS = "$(inherited) @executable_path/Frameworks";
				PRODUCT_BUNDLE_IDENTIFIER = "hertfordshire.francesco-helloworld";
				PRODUCT_NAME = "$(TARGET_NAME)";
				SWIFT_VERSION = 3.0;
			};
			name = Debug;
		};
		84CE0EDF1DA6A62B00520751 /* Release */ = {
			isa = XCBuildConfiguration;
			buildSettings = {
				ASSETCATALOG_COMPILER_APPICON_NAME = AppIcon;
				INFOPLIST_FILE = francesco_helloworld/Info.plist;
				LD_RUNPATH_SEARCH_PATHS = "$(inherited) @executable_path/Frameworks";
				PRODUCT_BUNDLE_IDENTIFIER = "hertfordshire.francesco-helloworld";
				PRODUCT_NAME = "$(TARGET_NAME)";
				SWIFT_VERSION = 3.0;
			};
			name = Release;
		};
		84CE0EE11DA6A62B00520751 /* Debug */ = {
			isa = XCBuildConfiguration;
			buildSettings = {
				ALWAYS_EMBED_SWIFT_STANDARD_LIBRARIES = YES;
				BUNDLE_LOADER = "$(TEST_HOST)";
				INFOPLIST_FILE = francesco_helloworldTests/Info.plist;
				LD_RUNPATH_SEARCH_PATHS = "$(inherited) @executable_path/Frameworks @loader_path/Frameworks";
				PRODUCT_BUNDLE_IDENTIFIER = "hertfordshire.francesco-helloworldTests";
				PRODUCT_NAME = "$(TARGET_NAME)";
				SWIFT_VERSION = 3.0;
				TEST_HOST = "$(BUILT_PRODUCTS_DIR)/francesco_helloworld.app/francesco_helloworld";
			};
			name = Debug;
		};
		84CE0EE21DA6A62B00520751 /* Release */ = {
			isa = XCBuildConfiguration;
			buildSettings = {
				ALWAYS_EMBED_SWIFT_STANDARD_LIBRARIES = YES;
				BUNDLE_LOADER = "$(TEST_HOST)";
				INFOPLIST_FILE = francesco_helloworldTests/Info.plist;
				LD_RUNPATH_SEARCH_PATHS = "$(inherited) @executable_path/Frameworks @loader_path/Frameworks";
				PRODUCT_BUNDLE_IDENTIFIER = "hertfordshire.francesco-helloworldTests";
				PRODUCT_NAME = "$(TARGET_NAME)";
				SWIFT_VERSION = 3.0;
				TEST_HOST = "$(BUILT_PRODUCTS_DIR)/francesco_helloworld.app/francesco_helloworld";
			};
			name = Release;
		};
		84CE0EE41DA6A62B00520751 /* Debug */ = {
			isa = XCBuildConfiguration;
			buildSettings = {
				ALWAYS_EMBED_SWIFT_STANDARD_LIBRARIES = YES;
				INFOPLIST_FILE = francesco_helloworldUITests/Info.plist;
				LD_RUNPATH_SEARCH_PATHS = "$(inherited) @executable_path/Frameworks @loader_path/Frameworks";
				PRODUCT_BUNDLE_IDENTIFIER = "hertfordshire.francesco-helloworldUITests";
				PRODUCT_NAME = "$(TARGET_NAME)";
				SWIFT_VERSION = 3.0;
				TEST_TARGET_NAME = francesco_helloworld;
			};
			name = Debug;
		};
		84CE0EE51DA6A62B00520751 /* Release */ = {
			isa = XCBuildConfiguration;
			buildSettings = {
				ALWAYS_EMBED_SWIFT_STANDARD_LIBRARIES = YES;
				INFOPLIST_FILE = francesco_helloworldUITests/Info.plist;
				LD_RUNPATH_SEARCH_PATHS = "$(inherited) @executable_path/Frameworks @loader_path/Frameworks";
				PRODUCT_BUNDLE_IDENTIFIER = "hertfordshire.francesco-helloworldUITests";
				PRODUCT_NAME = "$(TARGET_NAME)";
				SWIFT_VERSION = 3.0;
				TEST_TARGET_NAME = francesco_helloworld;
			};
			name = Release;
		};
/* End XCBuildConfiguration section */

/* Begin XCConfigurationList section */
		84CE0EB01DA6A62B00520751 /* Build configuration list for PBXProject "francesco_helloworld" */ = {
			isa = XCConfigurationList;
			buildConfigurations = (
				84CE0EDB1DA6A62B00520751 /* Debug */,
				84CE0EDC1DA6A62B00520751 /* Release */,
			);
			defaultConfigurationIsVisible = 0;
			defaultConfigurationName = Release;
		};
		84CE0EDD1DA6A62B00520751 /* Build configuration list for PBXNativeTarget "francesco_helloworld" */ = {
			isa = XCConfigurationList;
			buildConfigurations = (
				84CE0EDE1DA6A62B00520751 /* Debug */,
				84CE0EDF1DA6A62B00520751 /* Release */,
			);
			defaultConfigurationIsVisible = 0;
		};
		84CE0EE01DA6A62B00520751 /* Build configuration list for PBXNativeTarget "francesco_helloworldTests" */ = {
			isa = XCConfigurationList;
			buildConfigurations = (
				84CE0EE11DA6A62B00520751 /* Debug */,
				84CE0EE21DA6A62B00520751 /* Release */,
			);
			defaultConfigurationIsVisible = 0;
		};
		84CE0EE31DA6A62B00520751 /* Build configuration list for PBXNativeTarget "francesco_helloworldUITests" */ = {
			isa = XCConfigurationList;
			buildConfigurations = (
				84CE0EE41DA6A62B00520751 /* Debug */,
				84CE0EE51DA6A62B00520751 /* Release */,
			);
			defaultConfigurationIsVisible = 0;
		};
/* End XCConfigurationList section */
	};
	rootObject = 84CE0EAD1DA6A62B00520751 /* Project object */;
}
